
Microsoft Visual Studio Solution File, Format Version 12.00
# Visual Studio Version 16
VisualStudioVersion = 16.0.29025.244
MinimumVisualStudioVersion = 10.0.40219.1
Project("{FAE04EC0-301F-11D3-BF4B-00C04F79EFBC}") = "TestSqlTransaction", "TestSqlTransaction.csproj", "{9458422E-228D-49FF-A52A-47A95E26D1AD}"
EndProject
Global
	GlobalSection(SolutionConfigurationPlatforms) = preSolution
		Debug|Any CPU = Debug|Any CPU
		Release|Any CPU = Release|Any CPU
	EndGlobalSection
	GlobalSection(ProjectConfigurationPlatforms) = postSolution
		{9458422E-228D-49FF-A52A-47A95E26D1AD}.Debug|Any CPU.ActiveCfg = Debug|Any CPU
		{9458422E-228D-49FF-A52A-47A95E26D1AD}.Debug|Any CPU.Build.0 = Debug|Any CPU
		{9458422E-228D-49FF-A52A-47A95E26D1AD}.Release|Any CPU.ActiveCfg = Release|Any CPU
		{9458422E-228D-49FF-A52A-47A95E26D1AD}.Release|Any CPU.Build.0 = Release|Any CPU
	EndGlobalSection
	GlobalSection(SolutionProperties) = preSolution
		HideSolutionNode = FALSE
	EndGlobalSection
	GlobalSection(ExtensibilityGlobals) = postSolution
		SolutionGuid = {E7630ED5-FED5-4807-B93B-56DFD112F995}
	EndGlobalSection
EndGlobal
